
Microsoft Visual Studio Solution File, Format Version 12.00
# Visual Studio 15
VisualStudioVersion = 15.0.28307.421
MinimumVisualStudioVersion = 10.0.40219.1
Project("{FAE04EC0-301F-11D3-BF4B-00C04F79EFBC}") = "Criptografie2", "Criptografie2\Criptografie2.csproj", "{713BECA5-22A4-40FA-BD9A-3159B26195C2}"
EndProject
Global
	GlobalSection(SolutionConfigurationPlatforms) = preSolution
		Debug|Any CPU = Debug|Any CPU
		Release|Any CPU = Release|Any CPU
	EndGlobalSection
	GlobalSection(ProjectConfigurationPlatforms) = postSolution
		{713BECA5-22A4-40FA-BD9A-3159B26195C2}.Debug|Any CPU.ActiveCfg = Debug|Any CPU
		{713BECA5-22A4-40FA-BD9A-3159B26195C2}.Debug|Any CPU.Build.0 = Debug|Any CPU
		{713BECA5-22A4-40FA-BD9A-3159B26195C2}.Release|Any CPU.ActiveCfg = Release|Any CPU
		{713BECA5-22A4-40FA-BD9A-3159B26195C2}.Release|Any CPU.Build.0 = Release|Any CPU
	EndGlobalSection
	GlobalSection(SolutionProperties) = preSolution
		HideSolutionNode = FALSE
	EndGlobalSection
	GlobalSection(ExtensibilityGlobals) = postSolution
		SolutionGuid = {DB225011-3204-495F-AE2C-46757E95EBA1}
	EndGlobalSection
EndGlobal
